// !$*UTF8*$!
{
	archiveVersion = 1;
	classes = {
	};
	objectVersion = 55;
	objects = {

/* Begin PBXBuildFile section */
		57B5F84326FF4C9700E5A56C /* ios_hello_worldApp.swift in Sources */ = {isa = PBXBuildFile; fileRef = 57B5F84226FF4C9700E5A56C /* ios_hello_worldApp.swift */; };
		57B5F84526FF4C9700E5A56C /* ContentView.swift in Sources */ = {isa = PBXBuildFile; fileRef = 57B5F84426FF4C9700E5A56C /* ContentView.swift */; };
		57B5F84726FF4C9900E5A56C /* Assets.xcassets in Resources */ = {isa = PBXBuildFile; fileRef = 57B5F84626FF4C9900E5A56C /* Assets.xcassets */; };
		57B5F84A26FF4C9900E5A56C /* Preview Assets.xcassets in Resources */ = {isa = PBXBuildFile; fileRef = 57B5F84926FF4C9900E5A56C /* Preview Assets.xcassets */; };
		57B5F85426FF4C9900E5A56C /* ios_hello_worldTests.swift in Sources */ = {isa = PBXBuildFile; fileRef = 57B5F85326FF4C9900E5A56C /* ios_hello_worldTests.swift */; };
		57B5F85E26FF4C9900E5A56C /* ios_hello_worldUITests.swift in Sources */ = {isa = PBXBuildFile; fileRef = 57B5F85D26FF4C9900E5A56C /* ios_hello_worldUITests.swift */; };
		57B5F86026FF4C9900E5A56C /* ios_hello_worldUITestsLaunchTests.swift in Sources */ = {isa = PBXBuildFile; fileRef = 57B5F85F26FF4C9900E5A56C /* ios_hello_worldUITestsLaunchTests.swift */; };
/* End PBXBuildFile section */

/* Begin PBXContainerItemProxy section */
		57B5F85026FF4C9900E5A56C /* PBXContainerItemProxy */ = {
			isa = PBXContainerItemProxy;
			containerPortal = 57B5F83726FF4C9700E5A56C /* Project object */;
			proxyType = 1;
			remoteGlobalIDString = 57B5F83E26FF4C9700E5A56C;
			remoteInfo = ios.hello.world;
		};
		57B5F85A26FF4C9900E5A56C /* PBXContainerItemProxy */ = {
			isa = PBXContainerItemProxy;
			containerPortal = 57B5F83726FF4C9700E5A56C /* Project object */;
			proxyType = 1;
			remoteGlobalIDString = 57B5F83E26FF4C9700E5A56C;
			remoteInfo = ios.hello.world;
		};
/* End PBXContainerItemProxy section */

/* Begin PBXFileReference section */
		57B5F83F26FF4C9700E5A56C /* ios.hello.world.app */ = {isa = PBXFileReference; explicitFileType = wrapper.application; includeInIndex = 0; path = ios.hello.world.app; sourceTree = BUILT_PRODUCTS_DIR; };
		57B5F84226FF4C9700E5A56C /* ios_hello_worldApp.swift */ = {isa = PBXFileReference; lastKnownFileType = sourcecode.swift; path = ios_hello_worldApp.swift; sourceTree = "<group>"; };
		57B5F84426FF4C9700E5A56C /* ContentView.swift */ = {isa = PBXFileReference; lastKnownFileType = sourcecode.swift; path = ContentView.swift; sourceTree = "<group>"; };
		57B5F84626FF4C9900E5A56C /* Assets.xcassets */ = {isa = PBXFileReference; lastKnownFileType = folder.assetcatalog; path = Assets.xcassets; sourceTree = "<group>"; };
		57B5F84926FF4C9900E5A56C /* Preview Assets.xcassets */ = {isa = PBXFileReference; lastKnownFileType = folder.assetcatalog; path = "Preview Assets.xcassets"; sourceTree = "<group>"; };
		57B5F84F26FF4C9900E5A56C /* ios.hello.worldTests.xctest */ = {isa = PBXFileReference; explicitFileType = wrapper.cfbundle; includeInIndex = 0; path = ios.hello.worldTests.xctest; sourceTree = BUILT_PRODUCTS_DIR; };
		57B5F85326FF4C9900E5A56C /* ios_hello_worldTests.swift */ = {isa = PBXFileReference; lastKnownFileType = sourcecode.swift; path = ios_hello_worldTests.swift; sourceTree = "<group>"; };
		57B5F85926FF4C9900E5A56C /* ios.hello.worldUITests.xctest */ = {isa = PBXFileReference; explicitFileType = wrapper.cfbundle; includeInIndex = 0; path = ios.hello.worldUITests.xctest; sourceTree = BUILT_PRODUCTS_DIR; };
		57B5F85D26FF4C9900E5A56C /* ios_hello_worldUITests.swift */ = {isa = PBXFileReference; lastKnownFileType = sourcecode.swift; path = ios_hello_worldUITests.swift; sourceTree = "<group>"; };
		57B5F85F26FF4C9900E5A56C /* ios_hello_worldUITestsLaunchTests.swift */ = {isa = PBXFileReference; lastKnownFileType = sourcecode.swift; path = ios_hello_worldUITestsLaunchTests.swift; sourceTree = "<group>"; };
/* End PBXFileReference section */

/* Begin PBXFrameworksBuildPhase section */
		57B5F83C26FF4C9700E5A56C /* Frameworks */ = {
			isa = PBXFrameworksBuildPhase;
			buildActionMask = 2147483647;
			files = (
			);
			runOnlyForDeploymentPostprocessing = 0;
		};
		57B5F84C26FF4C9900E5A56C /* Frameworks */ = {
			isa = PBXFrameworksBuildPhase;
			buildActionMask = 2147483647;
			files = (
			);
			runOnlyForDeploymentPostprocessing = 0;
		};
		57B5F85626FF4C9900E5A56C /* Frameworks */ = {
			isa = PBXFrameworksBuildPhase;
			buildActionMask = 2147483647;
			files = (
			);
			runOnlyForDeploymentPostprocessing = 0;
		};
/* End PBXFrameworksBuildPhase section */

/* Begin PBXGroup section */
		57B5F83626FF4C9700E5A56C = {
			isa = PBXGroup;
			children = (
				57B5F84126FF4C9700E5A56C /* ios.hello.world */,
				57B5F85226FF4C9900E5A56C /* ios.hello.worldTests */,
				57B5F85C26FF4C9900E5A56C /* ios.hello.worldUITests */,
				57B5F84026FF4C9700E5A56C /* Products */,
			);
			sourceTree = "<group>";
		};
		57B5F84026FF4C9700E5A56C /* Products */ = {
			isa = PBXGroup;
			children = (
				57B5F83F26FF4C9700E5A56C /* ios.hello.world.app */,
				57B5F84F26FF4C9900E5A56C /* ios.hello.worldTests.xctest */,
				57B5F85926FF4C9900E5A56C /* ios.hello.worldUITests.xctest */,
			);
			name = Products;
			sourceTree = "<group>";
		};
		57B5F84126FF4C9700E5A56C /* ios.hello.world */ = {
			isa = PBXGroup;
			children = (
				57B5F84226FF4C9700E5A56C /* ios_hello_worldApp.swift */,
				57B5F84426FF4C9700E5A56C /* ContentView.swift */,
				57B5F84626FF4C9900E5A56C /* Assets.xcassets */,
				57B5F84826FF4C9900E5A56C /* Preview Content */,
			);
			path = ios.hello.world;
			sourceTree = "<group>";
		};
		57B5F84826FF4C9900E5A56C /* Preview Content */ = {
			isa = PBXGroup;
			children = (
				57B5F84926FF4C9900E5A56C /* Preview Assets.xcassets */,
			);
			path = "Preview Content";
			sourceTree = "<group>";
		};
		57B5F85226FF4C9900E5A56C /* ios.hello.worldTests */ = {
			isa = PBXGroup;
			children = (
				57B5F85326FF4C9900E5A56C /* ios_hello_worldTests.swift */,
			);
			path = ios.hello.worldTests;
			sourceTree = "<group>";
		};
		57B5F85C26FF4C9900E5A56C /* ios.hello.worldUITests */ = {
			isa = PBXGroup;
			children = (
				57B5F85D26FF4C9900E5A56C /* ios_hello_worldUITests.swift */,
				57B5F85F26FF4C9900E5A56C /* ios_hello_worldUITestsLaunchTests.swift */,
			);
			path = ios.hello.worldUITests;
			sourceTree = "<group>";
		};
/* End PBXGroup section */

/* Begin PBXNativeTarget section */
		57B5F83E26FF4C9700E5A56C /* ios.hello.world */ = {
			isa = PBXNativeTarget;
			buildConfigurationList = 57B5F86326FF4C9900E5A56C /* Build configuration list for PBXNativeTarget "ios.hello.world" */;
			buildPhases = (
				57B5F83B26FF4C9700E5A56C /* Sources */,
				57B5F83C26FF4C9700E5A56C /* Frameworks */,
				57B5F83D26FF4C9700E5A56C /* Resources */,
			);
			buildRules = (
			);
			dependencies = (
			);
			name = ios.hello.world;
			productName = ios.hello.world;
			productReference = 57B5F83F26FF4C9700E5A56C /* ios.hello.world.app */;
			productType = "com.apple.product-type.application";
		};
		57B5F84E26FF4C9900E5A56C /* ios.hello.worldTests */ = {
			isa = PBXNativeTarget;
			buildConfigurationList = 57B5F86626FF4C9900E5A56C /* Build configuration list for PBXNativeTarget "ios.hello.worldTests" */;
			buildPhases = (
				57B5F84B26FF4C9900E5A56C /* Sources */,
				57B5F84C26FF4C9900E5A56C /* Frameworks */,
				57B5F84D26FF4C9900E5A56C /* Resources */,
			);
			buildRules = (
			);
			dependencies = (
				57B5F85126FF4C9900E5A56C /* PBXTargetDependency */,
			);
			name = ios.hello.worldTests;
			productName = ios.hello.worldTests;
			productReference = 57B5F84F26FF4C9900E5A56C /* ios.hello.worldTests.xctest */;
			productType = "com.apple.product-type.bundle.unit-test";
		};
		57B5F85826FF4C9900E5A56C /* ios.hello.worldUITests */ = {
			isa = PBXNativeTarget;
			buildConfigurationList = 57B5F86926FF4C9900E5A56C /* Build configuration list for PBXNativeTarget "ios.hello.worldUITests" */;
			buildPhases = (
				57B5F85526FF4C9900E5A56C /* Sources */,
				57B5F85626FF4C9900E5A56C /* Frameworks */,
				57B5F85726FF4C9900E5A56C /* Resources */,
			);
			buildRules = (
			);
			dependencies = (
				57B5F85B26FF4C9900E5A56C /* PBXTargetDependency */,
			);
			name = ios.hello.worldUITests;
			productName = ios.hello.worldUITests;
			productReference = 57B5F85926FF4C9900E5A56C /* ios.hello.worldUITests.xctest */;
			productType = "com.apple.product-type.bundle.ui-testing";
		};
/* End PBXNativeTarget section */

/* Begin PBXProject section */
		57B5F83726FF4C9700E5A56C /* Project object */ = {
			isa = PBXProject;
			attributes = {
				BuildIndependentTargetsInParallel = 1;
				LastSwiftUpdateCheck = 1300;
				LastUpgradeCheck = 1300;
				TargetAttributes = {
					57B5F83E26FF4C9700E5A56C = {
						CreatedOnToolsVersion = 13.0;
					};
					57B5F84E26FF4C9900E5A56C = {
						CreatedOnToolsVersion = 13.0;
						TestTargetID = 57B5F83E26FF4C9700E5A56C;
					};
					57B5F85826FF4C9900E5A56C = {
						CreatedOnToolsVersion = 13.0;
						TestTargetID = 57B5F83E26FF4C9700E5A56C;
					};
				};
			};
			buildConfigurationList = 57B5F83A26FF4C9700E5A56C /* Build configuration list for PBXProject "ios.hello.world" */;
			compatibilityVersion = "Xcode 13.0";
			developmentRegion = en;
			hasScannedForEncodings = 0;
			knownRegions = (
				en,
				Base,
			);
			mainGroup = 57B5F83626FF4C9700E5A56C;
			productRefGroup = 57B5F84026FF4C9700E5A56C /* Products */;
			projectDirPath = "";
			projectRoot = "";
			targets = (
				57B5F83E26FF4C9700E5A56C /* ios.hello.world */,
				57B5F84E26FF4C9900E5A56C /* ios.hello.worldTests */,
				57B5F85826FF4C9900E5A56C /* ios.hello.worldUITests */,
			);
		};
/* End PBXProject section */

/* Begin PBXResourcesBuildPhase section */
		57B5F83D26FF4C9700E5A56C /* Resources */ = {
			isa = PBXResourcesBuildPhase;
			buildActionMask = 2147483647;
			files = (
				57B5F84A26FF4C9900E5A56C /* Preview Assets.xcassets in Resources */,
				57B5F84726FF4C9900E5A56C /* Assets.xcassets in Resources */,
			);
			runOnlyForDeploymentPostprocessing = 0;
		};
		57B5F84D26FF4C9900E5A56C /* Resources */ = {
			isa = PBXResourcesBuildPhase;
			buildActionMask = 2147483647;
			files = (
			);
			runOnlyForDeploymentPostprocessing = 0;
		};
		57B5F85726FF4C9900E5A56C /* Resources */ = {
			isa = PBXResourcesBuildPhase;
			buildActionMask = 2147483647;
			files = (
			);
			runOnlyForDeploymentPostprocessing = 0;
		};
/* End PBXResourcesBuildPhase section */

/* Begin PBXSourcesBuildPhase section */
		57B5F83B26FF4C9700E5A56C /* Sources */ = {
			isa = PBXSourcesBuildPhase;
			buildActionMask = 2147483647;
			files = (
				57B5F84526FF4C9700E5A56C /* ContentView.swift in Sources */,
				57B5F84326FF4C9700E5A56C /* ios_hello_worldApp.swift in Sources */,
			);
			runOnlyForDeploymentPostprocessing = 0;
		};
		57B5F84B26FF4C9900E5A56C /* Sources */ = {
			isa = PBXSourcesBuildPhase;
			buildActionMask = 2147483647;
			files = (
				57B5F85426FF4C9900E5A56C /* ios_hello_worldTests.swift in Sources */,
			);
			runOnlyForDeploymentPostprocessing = 0;
		};
		57B5F85526FF4C9900E5A56C /* Sources */ = {
			isa = PBXSourcesBuildPhase;
			buildActionMask = 2147483647;
			files = (
				57B5F86026FF4C9900E5A56C /* ios_hello_worldUITestsLaunchTests.swift in Sources */,
				57B5F85E26FF4C9900E5A56C /* ios_hello_worldUITests.swift in Sources */,
			);
			runOnlyForDeploymentPostprocessing = 0;
		};
/* End PBXSourcesBuildPhase section */

/* Begin PBXTargetDependency section */
		57B5F85126FF4C9900E5A56C /* PBXTargetDependency */ = {
			isa = PBXTargetDependency;
			target = 57B5F83E26FF4C9700E5A56C /* ios.hello.world */;
			targetProxy = 57B5F85026FF4C9900E5A56C /* PBXContainerItemProxy */;
		};
		57B5F85B26FF4C9900E5A56C /* PBXTargetDependency */ = {
			isa = PBXTargetDependency;
			target = 57B5F83E26FF4C9700E5A56C /* ios.hello.world */;
			targetProxy = 57B5F85A26FF4C9900E5A56C /* PBXContainerItemProxy */;
		};
/* End PBXTargetDependency section */

/* Begin XCBuildConfiguration section */
		57B5F86126FF4C9900E5A56C /* Debug */ = {
			isa = XCBuildConfiguration;
			buildSettings = {
				ALWAYS_SEARCH_USER_PATHS = NO;
				CLANG_ANALYZER_NONNULL = YES;
				CLANG_ANALYZER_NUMBER_OBJECT_CONVERSION = YES_AGGRESSIVE;
				CLANG_CXX_LANGUAGE_STANDARD = "gnu++17";
				CLANG_CXX_LIBRARY = "libc++";
				CLANG_ENABLE_MODULES = YES;
				CLANG_ENABLE_OBJC_ARC = YES;
				CLANG_ENABLE_OBJC_WEAK = YES;
				CLANG_WARN_BLOCK_CAPTURE_AUTORELEASING = YES;
				CLANG_WARN_BOOL_CONVERSION = YES;
				CLANG_WARN_COMMA = YES;
				CLANG_WARN_CONSTANT_CONVERSION = YES;
				CLANG_WARN_DEPRECATED_OBJC_IMPLEMENTATIONS = YES;
				CLANG_WARN_DIRECT_OBJC_ISA_USAGE = YES_ERROR;
				CLANG_WARN_DOCUMENTATION_COMMENTS = YES;
				CLANG_WARN_EMPTY_BODY = YES;
				CLANG_WARN_ENUM_CONVERSION = YES;
				CLANG_WARN_INFINITE_RECURSION = YES;
				CLANG_WARN_INT_CONVERSION = YES;
				CLANG_WARN_NON_LITERAL_NULL_CONVERSION = YES;
				CLANG_WARN_OBJC_IMPLICIT_RETAIN_SELF = YES;
				CLANG_WARN_OBJC_LITERAL_CONVERSION = YES;
				CLANG_WARN_OBJC_ROOT_CLASS = YES_ERROR;
				CLANG_WARN_QUOTED_INCLUDE_IN_FRAMEWORK_HEADER = YES;
				CLANG_WARN_RANGE_LOOP_ANALYSIS = YES;
				CLANG_WARN_STRICT_PROTOTYPES = YES;
				CLANG_WARN_SUSPICIOUS_MOVE = YES;
				CLANG_WARN_UNGUARDED_AVAILABILITY = YES_AGGRESSIVE;
				CLANG_WARN_UNREACHABLE_CODE = YES;
				CLANG_WARN__DUPLICATE_METHOD_MATCH = YES;
				COPY_PHASE_STRIP = NO;
				DEBUG_INFORMATION_FORMAT = dwarf;
				ENABLE_STRICT_OBJC_MSGSEND = YES;
				ENABLE_TESTABILITY = YES;
				GCC_C_LANGUAGE_STANDARD = gnu11;
				GCC_DYNAMIC_NO_PIC = NO;
				GCC_NO_COMMON_BLOCKS = YES;
				GCC_OPTIMIZATION_LEVEL = 0;
				GCC_PREPROCESSOR_DEFINITIONS = (
					"DEBUG=1",
					"$(inherited)",
				);
				GCC_WARN_64_TO_32_BIT_CONVERSION = YES;
				GCC_WARN_ABOUT_RETURN_TYPE = YES_ERROR;
				GCC_WARN_UNDECLARED_SELECTOR = YES;
				GCC_WARN_UNINITIALIZED_AUTOS = YES_AGGRESSIVE;
				GCC_WARN_UNUSED_FUNCTION = YES;
				GCC_WARN_UNUSED_VARIABLE = YES;
				IPHONEOS_DEPLOYMENT_TARGET = 15.0;
				MTL_ENABLE_DEBUG_INFO = INCLUDE_SOURCE;
				MTL_FAST_MATH = YES;
				ONLY_ACTIVE_ARCH = YES;
				SDKROOT = iphoneos;
				SWIFT_ACTIVE_COMPILATION_CONDITIONS = DEBUG;
				SWIFT_OPTIMIZATION_LEVEL = "-Onone";
			};
			name = Debug;
		};
		57B5F86226FF4C9900E5A56C /* Release */ = {
			isa = XCBuildConfiguration;
			buildSettings = {
				ALWAYS_SEARCH_USER_PATHS = NO;
				CLANG_ANALYZER_NONNULL = YES;
				CLANG_ANALYZER_NUMBER_OBJECT_CONVERSION = YES_AGGRESSIVE;
				CLANG_CXX_LANGUAGE_STANDARD = "gnu++17";
				CLANG_CXX_LIBRARY = "libc++";
				CLANG_ENABLE_MODULES = YES;
				CLANG_ENABLE_OBJC_ARC = YES;
				CLANG_ENABLE_OBJC_WEAK = YES;
				CLANG_WARN_BLOCK_CAPTURE_AUTORELEASING = YES;
				CLANG_WARN_BOOL_CONVERSION = YES;
				CLANG_WARN_COMMA = YES;
				CLANG_WARN_CONSTANT_CONVERSION = YES;
				CLANG_WARN_DEPRECATED_OBJC_IMPLEMENTATIONS = YES;
				CLANG_WARN_DIRECT_OBJC_ISA_USAGE = YES_ERROR;
				CLANG_WARN_DOCUMENTATION_COMMENTS = YES;
				CLANG_WARN_EMPTY_BODY = YES;
				CLANG_WARN_ENUM_CONVERSION = YES;
				CLANG_WARN_INFINITE_RECURSION = YES;
				CLANG_WARN_INT_CONVERSION = YES;
				CLANG_WARN_NON_LITERAL_NULL_CONVERSION = YES;
				CLANG_WARN_OBJC_IMPLICIT_RETAIN_SELF = YES;
				CLANG_WARN_OBJC_LITERAL_CONVERSION = YES;
				CLANG_WARN_OBJC_ROOT_CLASS = YES_ERROR;
				CLANG_WARN_QUOTED_INCLUDE_IN_FRAMEWORK_HEADER = YES;
				CLANG_WARN_RANGE_LOOP_ANALYSIS = YES;
				CLANG_WARN_STRICT_PROTOTYPES = YES;
				CLANG_WARN_SUSPICIOUS_MOVE = YES;
				CLANG_WARN_UNGUARDED_AVAILABILITY = YES_AGGRESSIVE;
				CLANG_WARN_UNREACHABLE_CODE = YES;
				CLANG_WARN__DUPLICATE_METHOD_MATCH = YES;
				COPY_PHASE_STRIP = NO;
				DEBUG_INFORMATION_FORMAT = "dwarf-with-dsym";
				ENABLE_NS_ASSERTIONS = NO;
				ENABLE_STRICT_OBJC_MSGSEND = YES;
				GCC_C_LANGUAGE_STANDARD = gnu11;
				GCC_NO_COMMON_BLOCKS = YES;
				GCC_WARN_64_TO_32_BIT_CONVERSION = YES;
				GCC_WARN_ABOUT_RETURN_TYPE = YES_ERROR;
				GCC_WARN_UNDECLARED_SELECTOR = YES;
				GCC_WARN_UNINITIALIZED_AUTOS = YES_AGGRESSIVE;
				GCC_WARN_UNUSED_FUNCTION = YES;
				GCC_WARN_UNUSED_VARIABLE = YES;
				IPHONEOS_DEPLOYMENT_TARGET = 15.0;
				MTL_ENABLE_DEBUG_INFO = NO;
				MTL_FAST_MATH = YES;
				SDKROOT = iphoneos;
				SWIFT_COMPILATION_MODE = wholemodule;
				SWIFT_OPTIMIZATION_LEVEL = "-O";
				VALIDATE_PRODUCT = YES;
			};
			name = Release;
		};
		57B5F86426FF4C9900E5A56C /* Debug */ = {
			isa = XCBuildConfiguration;
			buildSettings = {
				ASSETCATALOG_COMPILER_APPICON_NAME = AppIcon;
				ASSETCATALOG_COMPILER_GLOBAL_ACCENT_COLOR_NAME = AccentColor;
				CODE_SIGN_STYLE = Automatic;
				CURRENT_PROJECT_VERSION = 1;
				DEVELOPMENT_ASSET_PATHS = "\"ios.hello.world/Preview Content\"";
				DEVELOPMENT_TEAM = BA6632PV8W;
				ENABLE_PREVIEWS = YES;
				GENERATE_INFOPLIST_FILE = YES;
				INFOPLIST_KEY_UIApplicationSceneManifest_Generation = YES;
				INFOPLIST_KEY_UIApplicationSupportsIndirectInputEvents = YES;
				INFOPLIST_KEY_UILaunchScreen_Generation = YES;
				INFOPLIST_KEY_UISupportedInterfaceOrientations_iPad = "UIInterfaceOrientationPortrait UIInterfaceOrientationPortraitUpsideDown UIInterfaceOrientationLandscapeLeft UIInterfaceOrientationLandscapeRight";
				INFOPLIST_KEY_UISupportedInterfaceOrientations_iPhone = "UIInterfaceOrientationPortrait UIInterfaceOrientationLandscapeLeft UIInterfaceOrientationLandscapeRight";
				IPHONEOS_DEPLOYMENT_TARGET = 14.0;
				LD_RUNPATH_SEARCH_PATHS = (
					"$(inherited)",
					"@executable_path/Frameworks",
				);
				MARKETING_VERSION = 1.0;
				PRODUCT_BUNDLE_IDENTIFIER = "Aldan.ios-hello-world";
				PRODUCT_NAME = "$(TARGET_NAME)";
				SWIFT_EMIT_LOC_STRINGS = YES;
				SWIFT_VERSION = 5.0;
				TARGETED_DEVICE_FAMILY = "1,2";
			};
			name = Debug;
		};
		57B5F86526FF4C9900E5A56C /* Release */ = {
			isa = XCBuildConfiguration;
			buildSettings = {
				ASSETCATALOG_COMPILER_APPICON_NAME = AppIcon;
				ASSETCATALOG_COMPILER_GLOBAL_ACCENT_COLOR_NAME = AccentColor;
				CODE_SIGN_STYLE = Automatic;
				CURRENT_PROJECT_VERSION = 1;
				DEVELOPMENT_ASSET_PATHS = "\"ios.hello.world/Preview Content\"";
				DEVELOPMENT_TEAM = BA6632PV8W;
				ENABLE_PREVIEWS = YES;
				GENERATE_INFOPLIST_FILE = YES;
				INFOPLIST_KEY_UIApplicationSceneManifest_Generation = YES;
				INFOPLIST_KEY_UIApplicationSupportsIndirectInputEvents = YES;
				INFOPLIST_KEY_UILaunchScreen_Generation = YES;
				INFOPLIST_KEY_UISupportedInterfaceOrientations_iPad = "UIInterfaceOrientationPortrait UIInterfaceOrientationPortraitUpsideDown UIInterfaceOrientationLandscapeLeft UIInterfaceOrientationLandscapeRight";
				INFOPLIST_KEY_UISupportedInterfaceOrientations_iPhone = "UIInterfaceOrientationPortrait UIInterfaceOrientationLandscapeLeft UIInterfaceOrientationLandscapeRight";
				IPHONEOS_DEPLOYMENT_TARGET = 14.0;
				LD_RUNPATH_SEARCH_PATHS = (
					"$(inherited)",
					"@executable_path/Frameworks",
				);
				MARKETING_VERSION = 1.0;
				PRODUCT_BUNDLE_IDENTIFIER = "Aldan.ios-hello-world";
				PRODUCT_NAME = "$(TARGET_NAME)";
				SWIFT_EMIT_LOC_STRINGS = YES;
				SWIFT_VERSION = 5.0;
				TARGETED_DEVICE_FAMILY = "1,2";
			};
			name = Release;
		};
		57B5F86726FF4C9900E5A56C /* Debug */ = {
			isa = XCBuildConfiguration;
			buildSettings = {
				ALWAYS_EMBED_SWIFT_STANDARD_LIBRARIES = YES;
				BUNDLE_LOADER = "$(TEST_HOST)";
				CODE_SIGN_STYLE = Automatic;
				CURRENT_PROJECT_VERSION = 1;
				DEVELOPMENT_TEAM = BA6632PV8W;
				GENERATE_INFOPLIST_FILE = YES;
				IPHONEOS_DEPLOYMENT_TARGET = 14.0;
				LD_RUNPATH_SEARCH_PATHS = (
					"$(inherited)",
					"@executable_path/Frameworks",
					"@loader_path/Frameworks",
				);
				MARKETING_VERSION = 1.0;
				PRODUCT_BUNDLE_IDENTIFIER = "Aldan.ios-hello-worldTests";
				PRODUCT_NAME = "$(TARGET_NAME)";
				SWIFT_EMIT_LOC_STRINGS = NO;
				SWIFT_VERSION = 5.0;
				TARGETED_DEVICE_FAMILY = "1,2";
				TEST_HOST = "$(BUILT_PRODUCTS_DIR)/ios.hello.world.app/ios.hello.world";
			};
			name = Debug;
		};
		57B5F86826FF4C9900E5A56C /* Release */ = {
			isa = XCBuildConfiguration;
			buildSettings = {
				ALWAYS_EMBED_SWIFT_STANDARD_LIBRARIES = YES;
				BUNDLE_LOADER = "$(TEST_HOST)";
				CODE_SIGN_STYLE = Automatic;
				CURRENT_PROJECT_VERSION = 1;
				DEVELOPMENT_TEAM = BA6632PV8W;
				GENERATE_INFOPLIST_FILE = YES;
				IPHONEOS_DEPLOYMENT_TARGET = 14.0;
				LD_RUNPATH_SEARCH_PATHS = (
					"$(inherited)",
					"@executable_path/Frameworks",
					"@loader_path/Frameworks",
				);
				MARKETING_VERSION = 1.0;
				PRODUCT_BUNDLE_IDENTIFIER = "Aldan.ios-hello-worldTests";
				PRODUCT_NAME = "$(TARGET_NAME)";
				SWIFT_EMIT_LOC_STRINGS = NO;
				SWIFT_VERSION = 5.0;
				TARGETED_DEVICE_FAMILY = "1,2";
				TEST_HOST = "$(BUILT_PRODUCTS_DIR)/ios.hello.world.app/ios.hello.world";
			};
			name = Release;
		};
		57B5F86A26FF4C9900E5A56C /* Debug */ = {
			isa = XCBuildConfiguration;
			buildSettings = {
				ALWAYS_EMBED_SWIFT_STANDARD_LIBRARIES = YES;
				CODE_SIGN_STYLE = Automatic;
				CURRENT_PROJECT_VERSION = 1;
				DEVELOPMENT_TEAM = BA6632PV8W;
				GENERATE_INFOPLIST_FILE = YES;
				LD_RUNPATH_SEARCH_PATHS = (
					"$(inherited)",
					"@executable_path/Frameworks",
					"@loader_path/Frameworks",
				);
				MARKETING_VERSION = 1.0;
				PRODUCT_BUNDLE_IDENTIFIER = "Aldan.ios-hello-worldUITests";
				PRODUCT_NAME = "$(TARGET_NAME)";
				SWIFT_EMIT_LOC_STRINGS = NO;
				SWIFT_VERSION = 5.0;
				TARGETED_DEVICE_FAMILY = "1,2";
				TEST_TARGET_NAME = ios.hello.world;
			};
			name = Debug;
		};
		57B5F86B26FF4C9900E5A56C /* Release */ = {
			isa = XCBuildConfiguration;
			buildSettings = {
				ALWAYS_EMBED_SWIFT_STANDARD_LIBRARIES = YES;
				CODE_SIGN_STYLE = Automatic;
				CURRENT_PROJECT_VERSION = 1;
				DEVELOPMENT_TEAM = BA6632PV8W;
				GENERATE_INFOPLIST_FILE = YES;
				LD_RUNPATH_SEARCH_PATHS = (
					"$(inherited)",
					"@executable_path/Frameworks",
					"@loader_path/Frameworks",
				);
				MARKETING_VERSION = 1.0;
				PRODUCT_BUNDLE_IDENTIFIER = "Aldan.ios-hello-worldUITests";
				PRODUCT_NAME = "$(TARGET_NAME)";
				SWIFT_EMIT_LOC_STRINGS = NO;
				SWIFT_VERSION = 5.0;
				TARGETED_DEVICE_FAMILY = "1,2";
				TEST_TARGET_NAME = ios.hello.world;
			};
			name = Release;
		};
/* End XCBuildConfiguration section */

/* Begin XCConfigurationList section */
		57B5F83A26FF4C9700E5A56C /* Build configuration list for PBXProject "ios.hello.world" */ = {
			isa = XCConfigurationList;
			buildConfigurations = (
				57B5F86126FF4C9900E5A56C /* Debug */,
				57B5F86226FF4C9900E5A56C /* Release */,
			);
			defaultConfigurationIsVisible = 0;
			defaultConfigurationName = Release;
		};
		57B5F86326FF4C9900E5A56C /* Build configuration list for PBXNativeTarget "ios.hello.world" */ = {
			isa = XCConfigurationList;
			buildConfigurations = (
				57B5F86426FF4C9900E5A56C /* Debug */,
				57B5F86526FF4C9900E5A56C /* Release */,
			);
			defaultConfigurationIsVisible = 0;
			defaultConfigurationName = Release;
		};
		57B5F86626FF4C9900E5A56C /* Build configuration list for PBXNativeTarget "ios.hello.worldTests" */ = {
			isa = XCConfigurationList;
			buildConfigurations = (
				57B5F86726FF4C9900E5A56C /* Debug */,
				57B5F86826FF4C9900E5A56C /* Release */,
			);
			defaultConfigurationIsVisible = 0;
			defaultConfigurationName = Release;
		};
		57B5F86926FF4C9900E5A56C /* Build configuration list for PBXNativeTarget "ios.hello.worldUITests" */ = {
			isa = XCConfigurationList;
			buildConfigurations = (
				57B5F86A26FF4C9900E5A56C /* Debug */,
				57B5F86B26FF4C9900E5A56C /* Release */,
			);
			defaultConfigurationIsVisible = 0;
			defaultConfigurationName = Release;
		};
/* End XCConfigurationList section */
	};
	rootObject = 57B5F83726FF4C9700E5A56C /* Project object */;
}
